
Microsoft Visual Studio Solution File, Format Version 12.00
# Visual Studio Version 16
VisualStudioVersion = 16.0.30907.101
MinimumVisualStudioVersion = 10.0.40219.1
Project("{2150E333-8FDC-42A3-9474-1A3956D46DE8}") = "src", "src", "{77C3D88F-7A60-45ED-A1A1-771F38E08A85}"
EndProject
Project("{2150E333-8FDC-42A3-9474-1A3956D46DE8}") = "tests", "tests", "{CA4817CD-70A2-4F48-A7C9-52746F6AC776}"
EndProject
Project("{9A19103F-16F7-4668-BE54-9A1E7A4F7556}") = "Issuance.Api", "Issuance.Api\Issuance.Api.csproj", "{84FB6AAC-20B3-4856-A0E6-6F64F1482EF2}"
EndProject
Project("{9A19103F-16F7-4668-BE54-9A1E7A4F7556}") = "Library", "Library\Library.csproj", "{A807837C-737D-4D65-995C-3FD0CE2FDF10}"
EndProject
Project("{9A19103F-16F7-4668-BE54-9A1E7A4F7556}") = "Customers.Api", "Customers.Api\Customers.Api.csproj", "{520238B6-6DFE-4D4D-AD40-61D4A95092A5}"
EndProject
Project("{FAE04EC0-301F-11D3-BF4B-00C04F79EFBC}") = "Issuance.Api.UnitTests", "Issuance.Api.UnitTests\Issuance.Api.UnitTests.csproj", "{EDAD7367-0DEC-4D19-AD7A-A77B965EA909}"
EndProject
Project("{9A19103F-16F7-4668-BE54-9A1E7A4F7556}") = "Processing.Worker", "Processing.Worker\Processing.Worker.csproj", "{B9237A4A-0CE9-44A7-8CEC-A2DCB8601815}"
EndProject
Project("{9A19103F-16F7-4668-BE54-9A1E7A4F7556}") = "Customers.Api.UnitTests", "Customers.Api.UnitTests\Customers.Api.UnitTests.csproj", "{0CC7550D-3365-4D06-8F81-FCE7501FB50D}"
EndProject
Project("{FAE04EC0-301F-11D3-BF4B-00C04F79EFBC}") = "Processing.Worker.UnitTests", "Processing.Worker.UnitTests\Processing.Worker.UnitTests.csproj", "{9286EADC-D586-4568-9396-91097F6276B4}"
EndProject
Project("{FAE04EC0-301F-11D3-BF4B-00C04F79EFBC}") = "Library.UnitTests", "Library.UnitTests\Library.UnitTests.csproj", "{E2F1D8EA-BBEE-46FF-A619-A381341FA4F3}"
EndProject
Global
	GlobalSection(SolutionConfigurationPlatforms) = preSolution
		Debug|Any CPU = Debug|Any CPU
		Release|Any CPU = Release|Any CPU
	EndGlobalSection
	GlobalSection(ProjectConfigurationPlatforms) = postSolution
		{84FB6AAC-20B3-4856-A0E6-6F64F1482EF2}.Debug|Any CPU.ActiveCfg = Debug|Any CPU
		{84FB6AAC-20B3-4856-A0E6-6F64F1482EF2}.Debug|Any CPU.Build.0 = Debug|Any CPU
		{84FB6AAC-20B3-4856-A0E6-6F64F1482EF2}.Release|Any CPU.ActiveCfg = Release|Any CPU
		{84FB6AAC-20B3-4856-A0E6-6F64F1482EF2}.Release|Any CPU.Build.0 = Release|Any CPU
		{A807837C-737D-4D65-995C-3FD0CE2FDF10}.Debug|Any CPU.ActiveCfg = Debug|Any CPU
		{A807837C-737D-4D65-995C-3FD0CE2FDF10}.Debug|Any CPU.Build.0 = Debug|Any CPU
		{A807837C-737D-4D65-995C-3FD0CE2FDF10}.Release|Any CPU.ActiveCfg = Release|Any CPU
		{A807837C-737D-4D65-995C-3FD0CE2FDF10}.Release|Any CPU.Build.0 = Release|Any CPU
		{520238B6-6DFE-4D4D-AD40-61D4A95092A5}.Debug|Any CPU.ActiveCfg = Debug|Any CPU
		{520238B6-6DFE-4D4D-AD40-61D4A95092A5}.Debug|Any CPU.Build.0 = Debug|Any CPU
		{520238B6-6DFE-4D4D-AD40-61D4A95092A5}.Release|Any CPU.ActiveCfg = Release|Any CPU
		{520238B6-6DFE-4D4D-AD40-61D4A95092A5}.Release|Any CPU.Build.0 = Release|Any CPU
		{EDAD7367-0DEC-4D19-AD7A-A77B965EA909}.Debug|Any CPU.ActiveCfg = Debug|Any CPU
		{EDAD7367-0DEC-4D19-AD7A-A77B965EA909}.Debug|Any CPU.Build.0 = Debug|Any CPU
		{EDAD7367-0DEC-4D19-AD7A-A77B965EA909}.Release|Any CPU.ActiveCfg = Release|Any CPU
		{EDAD7367-0DEC-4D19-AD7A-A77B965EA909}.Release|Any CPU.Build.0 = Release|Any CPU
		{B9237A4A-0CE9-44A7-8CEC-A2DCB8601815}.Debug|Any CPU.ActiveCfg = Debug|Any CPU
		{B9237A4A-0CE9-44A7-8CEC-A2DCB8601815}.Debug|Any CPU.Build.0 = Debug|Any CPU
		{B9237A4A-0CE9-44A7-8CEC-A2DCB8601815}.Release|Any CPU.ActiveCfg = Release|Any CPU
		{B9237A4A-0CE9-44A7-8CEC-A2DCB8601815}.Release|Any CPU.Build.0 = Release|Any CPU
		{0CC7550D-3365-4D06-8F81-FCE7501FB50D}.Debug|Any CPU.ActiveCfg = Debug|Any CPU
		{0CC7550D-3365-4D06-8F81-FCE7501FB50D}.Debug|Any CPU.Build.0 = Debug|Any CPU
		{0CC7550D-3365-4D06-8F81-FCE7501FB50D}.Release|Any CPU.ActiveCfg = Release|Any CPU
		{0CC7550D-3365-4D06-8F81-FCE7501FB50D}.Release|Any CPU.Build.0 = Release|Any CPU
		{9286EADC-D586-4568-9396-91097F6276B4}.Debug|Any CPU.ActiveCfg = Debug|Any CPU
		{9286EADC-D586-4568-9396-91097F6276B4}.Debug|Any CPU.Build.0 = Debug|Any CPU
		{9286EADC-D586-4568-9396-91097F6276B4}.Release|Any CPU.ActiveCfg = Release|Any CPU
		{9286EADC-D586-4568-9396-91097F6276B4}.Release|Any CPU.Build.0 = Release|Any CPU
		{E2F1D8EA-BBEE-46FF-A619-A381341FA4F3}.Debug|Any CPU.ActiveCfg = Debug|Any CPU
		{E2F1D8EA-BBEE-46FF-A619-A381341FA4F3}.Debug|Any CPU.Build.0 = Debug|Any CPU
		{E2F1D8EA-BBEE-46FF-A619-A381341FA4F3}.Release|Any CPU.ActiveCfg = Release|Any CPU
		{E2F1D8EA-BBEE-46FF-A619-A381341FA4F3}.Release|Any CPU.Build.0 = Release|Any CPU
	EndGlobalSection
	GlobalSection(SolutionProperties) = preSolution
		HideSolutionNode = FALSE
	EndGlobalSection
	GlobalSection(NestedProjects) = preSolution
		{84FB6AAC-20B3-4856-A0E6-6F64F1482EF2} = {77C3D88F-7A60-45ED-A1A1-771F38E08A85}
		{A807837C-737D-4D65-995C-3FD0CE2FDF10} = {77C3D88F-7A60-45ED-A1A1-771F38E08A85}
		{520238B6-6DFE-4D4D-AD40-61D4A95092A5} = {77C3D88F-7A60-45ED-A1A1-771F38E08A85}
		{EDAD7367-0DEC-4D19-AD7A-A77B965EA909} = {CA4817CD-70A2-4F48-A7C9-52746F6AC776}
		{B9237A4A-0CE9-44A7-8CEC-A2DCB8601815} = {77C3D88F-7A60-45ED-A1A1-771F38E08A85}
		{0CC7550D-3365-4D06-8F81-FCE7501FB50D} = {CA4817CD-70A2-4F48-A7C9-52746F6AC776}
		{9286EADC-D586-4568-9396-91097F6276B4} = {CA4817CD-70A2-4F48-A7C9-52746F6AC776}
		{E2F1D8EA-BBEE-46FF-A619-A381341FA4F3} = {CA4817CD-70A2-4F48-A7C9-52746F6AC776}
	EndGlobalSection
	GlobalSection(ExtensibilityGlobals) = postSolution
		SolutionGuid = {7F6D9D58-BFF0-4EEB-8A17-891E56485447}
	EndGlobalSection
EndGlobal
