
Microsoft Visual Studio Solution File, Format Version 12.00
# Visual Studio Version 16
VisualStudioVersion = 16.0.30907.101
MinimumVisualStudioVersion = 10.0.40219.1
Project("{2150E333-8FDC-42A3-9474-1A3956D46DE8}") = "src", "src", "{77C3D88F-7A60-45ED-A1A1-771F38E08A85}"
EndProject
Project("{2150E333-8FDC-42A3-9474-1A3956D46DE8}") = "billings", "billings", "{2FB930D0-E585-414F-984C-864646D33951}"
EndProject
Project("{2150E333-8FDC-42A3-9474-1A3956D46DE8}") = "eventual", "eventual", "{D8A7DE5D-11E3-4995-8BCA-A01D1951F033}"
EndProject
Project("{2150E333-8FDC-42A3-9474-1A3956D46DE8}") = "customers", "customers", "{93BCEEED-ECB1-4080-9476-9A664A6A0A09}"
EndProject
Project("{2150E333-8FDC-42A3-9474-1A3956D46DE8}") = "scheduled", "scheduled", "{4ADAA84E-C1F9-4BEE-A297-973D882161BA}"
EndProject
Project("{2150E333-8FDC-42A3-9474-1A3956D46DE8}") = "processing", "processing", "{5F4E0600-92EF-11EB-830D-29891B813B2E}"
EndProject
Project("{2150E333-8FDC-42A3-9474-1A3956D46DE8}") = "tests", "tests", "{F14904AD-953F-46ED-9BB2-4DEE2EA9401B}"
EndProject
Project("{2150E333-8FDC-42A3-9474-1A3956D46DE8}") = "utils", "utils", "{36DC4639-EB8B-4377-820F-EC75877958BF}"
EndProject
Project("{9A19103F-16F7-4668-BE54-9A1E7A4F7556}") = "Customers.Api", "src\Customers\Customers.Api\Customers.Api.csproj", "{14BB5257-73CE-4447-94A0-FBBAAAFC5808}"
EndProject
Project("{9A19103F-16F7-4668-BE54-9A1E7A4F7556}") = "Customers.Domain", "src\Customers\Customers.Domain\Customers.Domain.csproj", "{940D001F-F1FD-4C03-BAD1-B51DE0E33B05}"
EndProject
Project("{9A19103F-16F7-4668-BE54-9A1E7A4F7556}") = "Customers.Infrastructure", "src\Customers\Customers.Infrastructure\Customers.Infrastructure.csproj", "{3FBA9437-B590-43A9-AA93-2F8EB1A878D3}"
EndProject
Project("{9A19103F-16F7-4668-BE54-9A1E7A4F7556}") = "Customers.Application", "src\Customers\Customers.Application\Customers.Application.csproj", "{73CA18FC-A556-4257-84E1-AF5D8AD3420F}"
EndProject
Project("{9A19103F-16F7-4668-BE54-9A1E7A4F7556}") = "Billings.Domain", "src\Billings\Billings.Domain\Billings.Domain.csproj", "{B0CAD3BD-4E89-4D09-9C40-F0689F201683}"
EndProject
Project("{9A19103F-16F7-4668-BE54-9A1E7A4F7556}") = "Billings.Application", "src\Billings\Billings.Application\Billings.Application.csproj", "{88844B9A-16BB-4CC4-95B6-863859CE45EC}"
EndProject
Project("{9A19103F-16F7-4668-BE54-9A1E7A4F7556}") = "Billings.Infrastructure", "src\Billings\Billings.Infrastructure\Billings.Infrastructure.csproj", "{DD56B444-AED3-49AB-9EF0-4A6A5F18DDD4}"
EndProject
Project("{9A19103F-16F7-4668-BE54-9A1E7A4F7556}") = "Billings.Api", "src\Billings\Billings.Api\Billings.Api.csproj", "{4FA56D9D-719E-4B2A-B5AB-E7CB82BFF662}"
EndProject
Project("{9A19103F-16F7-4668-BE54-9A1E7A4F7556}") = "Processing.Eventual.Domain", "src\Processing\Processing.Eventual.Domain\Processing.Eventual.Domain.csproj", "{141EB378-0098-45FC-A1BF-E036A1C57386}"
EndProject
Project("{9A19103F-16F7-4668-BE54-9A1E7A4F7556}") = "Processing.Eventual.Application", "src\Processing\Processing.Eventual.Application\Processing.Eventual.Application.csproj", "{FA666719-AF0C-45E8-B7C2-CB7F9EF96658}"
EndProject
Project("{9A19103F-16F7-4668-BE54-9A1E7A4F7556}") = "Processing.Eventual.Worker", "src\Processing\Processing.Eventual.Worker\Processing.Eventual.Worker.csproj", "{597E5166-7ED5-4F46-961D-F83A1C715AF1}"
EndProject
Project("{9A19103F-16F7-4668-BE54-9A1E7A4F7556}") = "Processing.Scheduled.Worker", "src\Processing\Processing.Scheduled.Worker\Processing.Scheduled.Worker.csproj", "{AFCCCFAD-DA7B-435B-9527-40C611743FC9}"
EndProject
Project("{9A19103F-16F7-4668-BE54-9A1E7A4F7556}") = "Library", "src\Utils\Library\Library.csproj", "{27DC9C9A-9500-4CDF-9BEB-D8F1E8006D17}"
EndProject
Project("{9A19103F-16F7-4668-BE54-9A1E7A4F7556}") = "Benchmarks", "src\Utils\Benchmarks\Benchmarks.csproj", "{ED5869B7-4712-4CE2-B54B-B5C22407BCFF}"
EndProject
Project("{9A19103F-16F7-4668-BE54-9A1E7A4F7556}") = "UnitTests", "src\Tests\UnitTests\UnitTests.csproj", "{7603D463-4228-4FA4-8867-D993EC1F97BC}"
EndProject
Global
	GlobalSection(SolutionConfigurationPlatforms) = preSolution
		Debug|Any CPU = Debug|Any CPU
		Release|Any CPU = Release|Any CPU
	EndGlobalSection
	GlobalSection(ProjectConfigurationPlatforms) = postSolution
		{14BB5257-73CE-4447-94A0-FBBAAAFC5808}.Debug|Any CPU.ActiveCfg = Debug|Any CPU
		{14BB5257-73CE-4447-94A0-FBBAAAFC5808}.Debug|Any CPU.Build.0 = Debug|Any CPU
		{14BB5257-73CE-4447-94A0-FBBAAAFC5808}.Release|Any CPU.ActiveCfg = Release|Any CPU
		{14BB5257-73CE-4447-94A0-FBBAAAFC5808}.Release|Any CPU.Build.0 = Release|Any CPU
		{940D001F-F1FD-4C03-BAD1-B51DE0E33B05}.Debug|Any CPU.ActiveCfg = Debug|Any CPU
		{940D001F-F1FD-4C03-BAD1-B51DE0E33B05}.Debug|Any CPU.Build.0 = Debug|Any CPU
		{940D001F-F1FD-4C03-BAD1-B51DE0E33B05}.Release|Any CPU.ActiveCfg = Release|Any CPU
		{940D001F-F1FD-4C03-BAD1-B51DE0E33B05}.Release|Any CPU.Build.0 = Release|Any CPU
		{3FBA9437-B590-43A9-AA93-2F8EB1A878D3}.Debug|Any CPU.ActiveCfg = Debug|Any CPU
		{3FBA9437-B590-43A9-AA93-2F8EB1A878D3}.Debug|Any CPU.Build.0 = Debug|Any CPU
		{3FBA9437-B590-43A9-AA93-2F8EB1A878D3}.Release|Any CPU.ActiveCfg = Release|Any CPU
		{3FBA9437-B590-43A9-AA93-2F8EB1A878D3}.Release|Any CPU.Build.0 = Release|Any CPU
		{73CA18FC-A556-4257-84E1-AF5D8AD3420F}.Debug|Any CPU.ActiveCfg = Debug|Any CPU
		{73CA18FC-A556-4257-84E1-AF5D8AD3420F}.Debug|Any CPU.Build.0 = Debug|Any CPU
		{73CA18FC-A556-4257-84E1-AF5D8AD3420F}.Release|Any CPU.ActiveCfg = Release|Any CPU
		{73CA18FC-A556-4257-84E1-AF5D8AD3420F}.Release|Any CPU.Build.0 = Release|Any CPU
		{B0CAD3BD-4E89-4D09-9C40-F0689F201683}.Debug|Any CPU.ActiveCfg = Debug|Any CPU
		{B0CAD3BD-4E89-4D09-9C40-F0689F201683}.Debug|Any CPU.Build.0 = Debug|Any CPU
		{B0CAD3BD-4E89-4D09-9C40-F0689F201683}.Release|Any CPU.ActiveCfg = Release|Any CPU
		{B0CAD3BD-4E89-4D09-9C40-F0689F201683}.Release|Any CPU.Build.0 = Release|Any CPU
		{88844B9A-16BB-4CC4-95B6-863859CE45EC}.Debug|Any CPU.ActiveCfg = Debug|Any CPU
		{88844B9A-16BB-4CC4-95B6-863859CE45EC}.Debug|Any CPU.Build.0 = Debug|Any CPU
		{88844B9A-16BB-4CC4-95B6-863859CE45EC}.Release|Any CPU.ActiveCfg = Release|Any CPU
		{88844B9A-16BB-4CC4-95B6-863859CE45EC}.Release|Any CPU.Build.0 = Release|Any CPU
		{DD56B444-AED3-49AB-9EF0-4A6A5F18DDD4}.Debug|Any CPU.ActiveCfg = Debug|Any CPU
		{DD56B444-AED3-49AB-9EF0-4A6A5F18DDD4}.Debug|Any CPU.Build.0 = Debug|Any CPU
		{DD56B444-AED3-49AB-9EF0-4A6A5F18DDD4}.Release|Any CPU.ActiveCfg = Release|Any CPU
		{DD56B444-AED3-49AB-9EF0-4A6A5F18DDD4}.Release|Any CPU.Build.0 = Release|Any CPU
		{4FA56D9D-719E-4B2A-B5AB-E7CB82BFF662}.Debug|Any CPU.ActiveCfg = Debug|Any CPU
		{4FA56D9D-719E-4B2A-B5AB-E7CB82BFF662}.Debug|Any CPU.Build.0 = Debug|Any CPU
		{4FA56D9D-719E-4B2A-B5AB-E7CB82BFF662}.Release|Any CPU.ActiveCfg = Release|Any CPU
		{4FA56D9D-719E-4B2A-B5AB-E7CB82BFF662}.Release|Any CPU.Build.0 = Release|Any CPU
		{141EB378-0098-45FC-A1BF-E036A1C57386}.Debug|Any CPU.ActiveCfg = Debug|Any CPU
		{141EB378-0098-45FC-A1BF-E036A1C57386}.Debug|Any CPU.Build.0 = Debug|Any CPU
		{141EB378-0098-45FC-A1BF-E036A1C57386}.Release|Any CPU.ActiveCfg = Release|Any CPU
		{141EB378-0098-45FC-A1BF-E036A1C57386}.Release|Any CPU.Build.0 = Release|Any CPU
		{FA666719-AF0C-45E8-B7C2-CB7F9EF96658}.Debug|Any CPU.ActiveCfg = Debug|Any CPU
		{FA666719-AF0C-45E8-B7C2-CB7F9EF96658}.Debug|Any CPU.Build.0 = Debug|Any CPU
		{FA666719-AF0C-45E8-B7C2-CB7F9EF96658}.Release|Any CPU.ActiveCfg = Release|Any CPU
		{FA666719-AF0C-45E8-B7C2-CB7F9EF96658}.Release|Any CPU.Build.0 = Release|Any CPU
		{597E5166-7ED5-4F46-961D-F83A1C715AF1}.Debug|Any CPU.ActiveCfg = Debug|Any CPU
		{597E5166-7ED5-4F46-961D-F83A1C715AF1}.Debug|Any CPU.Build.0 = Debug|Any CPU
		{597E5166-7ED5-4F46-961D-F83A1C715AF1}.Release|Any CPU.ActiveCfg = Release|Any CPU
		{597E5166-7ED5-4F46-961D-F83A1C715AF1}.Release|Any CPU.Build.0 = Release|Any CPU
		{AFCCCFAD-DA7B-435B-9527-40C611743FC9}.Debug|Any CPU.ActiveCfg = Debug|Any CPU
		{AFCCCFAD-DA7B-435B-9527-40C611743FC9}.Debug|Any CPU.Build.0 = Debug|Any CPU
		{AFCCCFAD-DA7B-435B-9527-40C611743FC9}.Release|Any CPU.ActiveCfg = Release|Any CPU
		{AFCCCFAD-DA7B-435B-9527-40C611743FC9}.Release|Any CPU.Build.0 = Release|Any CPU
		{27DC9C9A-9500-4CDF-9BEB-D8F1E8006D17}.Debug|Any CPU.ActiveCfg = Debug|Any CPU
		{27DC9C9A-9500-4CDF-9BEB-D8F1E8006D17}.Debug|Any CPU.Build.0 = Debug|Any CPU
		{27DC9C9A-9500-4CDF-9BEB-D8F1E8006D17}.Release|Any CPU.ActiveCfg = Release|Any CPU
		{27DC9C9A-9500-4CDF-9BEB-D8F1E8006D17}.Release|Any CPU.Build.0 = Release|Any CPU
		{ED5869B7-4712-4CE2-B54B-B5C22407BCFF}.Debug|Any CPU.ActiveCfg = Debug|Any CPU
		{ED5869B7-4712-4CE2-B54B-B5C22407BCFF}.Debug|Any CPU.Build.0 = Debug|Any CPU
		{ED5869B7-4712-4CE2-B54B-B5C22407BCFF}.Release|Any CPU.ActiveCfg = Release|Any CPU
		{ED5869B7-4712-4CE2-B54B-B5C22407BCFF}.Release|Any CPU.Build.0 = Release|Any CPU
		{7603D463-4228-4FA4-8867-D993EC1F97BC}.Debug|Any CPU.ActiveCfg = Debug|Any CPU
		{7603D463-4228-4FA4-8867-D993EC1F97BC}.Debug|Any CPU.Build.0 = Debug|Any CPU
		{7603D463-4228-4FA4-8867-D993EC1F97BC}.Release|Any CPU.ActiveCfg = Release|Any CPU
		{7603D463-4228-4FA4-8867-D993EC1F97BC}.Release|Any CPU.Build.0 = Release|Any CPU
	EndGlobalSection
	GlobalSection(SolutionProperties) = preSolution
		HideSolutionNode = FALSE
	EndGlobalSection
	GlobalSection(NestedProjects) = preSolution
		{2FB930D0-E585-414F-984C-864646D33951} = {77C3D88F-7A60-45ED-A1A1-771F38E08A85}
		{D8A7DE5D-11E3-4995-8BCA-A01D1951F033} = {5F4E0600-92EF-11EB-830D-29891B813B2E}
		{93BCEEED-ECB1-4080-9476-9A664A6A0A09} = {77C3D88F-7A60-45ED-A1A1-771F38E08A85}
		{4ADAA84E-C1F9-4BEE-A297-973D882161BA} = {5F4E0600-92EF-11EB-830D-29891B813B2E}
		{5F4E0600-92EF-11EB-830D-29891B813B2E} = {77C3D88F-7A60-45ED-A1A1-771F38E08A85}
		{F14904AD-953F-46ED-9BB2-4DEE2EA9401B} = {77C3D88F-7A60-45ED-A1A1-771F38E08A85}
		{36DC4639-EB8B-4377-820F-EC75877958BF} = {77C3D88F-7A60-45ED-A1A1-771F38E08A85}
		{14BB5257-73CE-4447-94A0-FBBAAAFC5808} = {93BCEEED-ECB1-4080-9476-9A664A6A0A09}
		{940D001F-F1FD-4C03-BAD1-B51DE0E33B05} = {93BCEEED-ECB1-4080-9476-9A664A6A0A09}
		{3FBA9437-B590-43A9-AA93-2F8EB1A878D3} = {93BCEEED-ECB1-4080-9476-9A664A6A0A09}
		{73CA18FC-A556-4257-84E1-AF5D8AD3420F} = {93BCEEED-ECB1-4080-9476-9A664A6A0A09}
		{B0CAD3BD-4E89-4D09-9C40-F0689F201683} = {2FB930D0-E585-414F-984C-864646D33951}
		{88844B9A-16BB-4CC4-95B6-863859CE45EC} = {2FB930D0-E585-414F-984C-864646D33951}
		{DD56B444-AED3-49AB-9EF0-4A6A5F18DDD4} = {2FB930D0-E585-414F-984C-864646D33951}
		{4FA56D9D-719E-4B2A-B5AB-E7CB82BFF662} = {2FB930D0-E585-414F-984C-864646D33951}
		{141EB378-0098-45FC-A1BF-E036A1C57386} = {D8A7DE5D-11E3-4995-8BCA-A01D1951F033}
		{FA666719-AF0C-45E8-B7C2-CB7F9EF96658} = {D8A7DE5D-11E3-4995-8BCA-A01D1951F033}
		{597E5166-7ED5-4F46-961D-F83A1C715AF1} = {D8A7DE5D-11E3-4995-8BCA-A01D1951F033}
		{AFCCCFAD-DA7B-435B-9527-40C611743FC9} = {4ADAA84E-C1F9-4BEE-A297-973D882161BA}
		{27DC9C9A-9500-4CDF-9BEB-D8F1E8006D17} = {36DC4639-EB8B-4377-820F-EC75877958BF}
		{ED5869B7-4712-4CE2-B54B-B5C22407BCFF} = {36DC4639-EB8B-4377-820F-EC75877958BF}
		{7603D463-4228-4FA4-8867-D993EC1F97BC} = {F14904AD-953F-46ED-9BB2-4DEE2EA9401B}
	EndGlobalSection
	GlobalSection(ExtensibilityGlobals) = postSolution
		SolutionGuid = {7F6D9D58-BFF0-4EEB-8A17-891E56485447}
	EndGlobalSection
EndGlobal
