
Microsoft Visual Studio Solution File, Format Version 12.00
# Visual Studio Version 16
VisualStudioVersion = 16.0.30907.101
MinimumVisualStudioVersion = 10.0.40219.1
Project("{2150E333-8FDC-42A3-9474-1A3956D46DE8}") = "src", "src", "{77C3D88F-7A60-45ED-A1A1-771F38E08A85}"
EndProject
Project("{2150E333-8FDC-42A3-9474-1A3956D46DE8}") = "tests", "tests", "{CA4817CD-70A2-4F48-A7C9-52746F6AC776}"
EndProject
Project("{9A19103F-16F7-4668-BE54-9A1E7A4F7556}") = "Issuance.Api", "Issuance.Api\Issuance.Api.csproj", "{F44B35EB-B0BE-4CEF-9FA1-FDFC26E0F53E}"
EndProject
Project("{9A19103F-16F7-4668-BE54-9A1E7A4F7556}") = "Library", "Library\Library.csproj", "{950CE550-0B99-403F-A5A3-E8553940168D}"
EndProject
Project("{9A19103F-16F7-4668-BE54-9A1E7A4F7556}") = "Customers.Api", "Customers.Api\Customers.Api.csproj", "{336AFAFF-BF0A-4C54-999A-470F6336AB23}"
EndProject
Project("{9A19103F-16F7-4668-BE54-9A1E7A4F7556}") = "Issuance.Api.UnitTests", "Issuance.Api.UnitTests\Issuance.Api.UnitTests.csproj", "{7603D463-4228-4FA4-8867-D993EC1F97BC}"
EndProject
Project("{9A19103F-16F7-4668-BE54-9A1E7A4F7556}") = "Customers.Api.UnitTests", "Customers.Api.UnitTests\Customers.Api.UnitTests.csproj", "{1F7D5DE1-2A45-4040-8544-12C9369383F4}"
EndProject
Project("{9A19103F-16F7-4668-BE54-9A1E7A4F7556}") = "Library.UnitTests", "Library.UnitTests\Library.UnitTests.csproj", "{D925C976-1820-4A4C-9995-C2816029A0CE}"
EndProject
Project("{9A19103F-16F7-4668-BE54-9A1E7A4F7556}") = "Processing.ScheduledWorker.UnitTests", "Processing.ScheduledWorker.UnitTests\Processing.ScheduledWorker.UnitTests.csproj", "{54B1FD9A-152D-4CB4-AB40-547385F4C81E}"
EndProject
Project("{9A19103F-16F7-4668-BE54-9A1E7A4F7556}") = "Processing.EventualWorker", "Processing.EventualWorker\Processing.EventualWorker.csproj", "{58CAE204-D62F-472A-A312-737F4E2D7E6C}"
EndProject
Project("{9A19103F-16F7-4668-BE54-9A1E7A4F7556}") = "Processing.ScheduledWorker", "Processing.ScheduledWorker\Processing.ScheduledWorker.csproj", "{CE08E741-FA93-44A6-9A39-B610FE1DC750}"
EndProject
Project("{2150E333-8FDC-42A3-9474-1A3956D46DE8}") = "api", "api", "{2FB930D0-E585-414F-984C-864646D33951}"
EndProject
Project("{2150E333-8FDC-42A3-9474-1A3956D46DE8}") = "workers", "workers", "{D8A7DE5D-11E3-4995-8BCA-A01D1951F033}"
EndProject
Global
	GlobalSection(SolutionConfigurationPlatforms) = preSolution
		Debug|Any CPU = Debug|Any CPU
		Release|Any CPU = Release|Any CPU
	EndGlobalSection
	GlobalSection(ProjectConfigurationPlatforms) = postSolution
		{F44B35EB-B0BE-4CEF-9FA1-FDFC26E0F53E}.Debug|Any CPU.ActiveCfg = Debug|Any CPU
		{F44B35EB-B0BE-4CEF-9FA1-FDFC26E0F53E}.Debug|Any CPU.Build.0 = Debug|Any CPU
		{F44B35EB-B0BE-4CEF-9FA1-FDFC26E0F53E}.Release|Any CPU.ActiveCfg = Release|Any CPU
		{F44B35EB-B0BE-4CEF-9FA1-FDFC26E0F53E}.Release|Any CPU.Build.0 = Release|Any CPU
		{950CE550-0B99-403F-A5A3-E8553940168D}.Debug|Any CPU.ActiveCfg = Debug|Any CPU
		{950CE550-0B99-403F-A5A3-E8553940168D}.Debug|Any CPU.Build.0 = Debug|Any CPU
		{950CE550-0B99-403F-A5A3-E8553940168D}.Release|Any CPU.ActiveCfg = Release|Any CPU
		{950CE550-0B99-403F-A5A3-E8553940168D}.Release|Any CPU.Build.0 = Release|Any CPU
		{336AFAFF-BF0A-4C54-999A-470F6336AB23}.Debug|Any CPU.ActiveCfg = Debug|Any CPU
		{336AFAFF-BF0A-4C54-999A-470F6336AB23}.Debug|Any CPU.Build.0 = Debug|Any CPU
		{336AFAFF-BF0A-4C54-999A-470F6336AB23}.Release|Any CPU.ActiveCfg = Release|Any CPU
		{336AFAFF-BF0A-4C54-999A-470F6336AB23}.Release|Any CPU.Build.0 = Release|Any CPU
		{7603D463-4228-4FA4-8867-D993EC1F97BC}.Debug|Any CPU.ActiveCfg = Debug|Any CPU
		{7603D463-4228-4FA4-8867-D993EC1F97BC}.Debug|Any CPU.Build.0 = Debug|Any CPU
		{7603D463-4228-4FA4-8867-D993EC1F97BC}.Release|Any CPU.ActiveCfg = Release|Any CPU
		{7603D463-4228-4FA4-8867-D993EC1F97BC}.Release|Any CPU.Build.0 = Release|Any CPU
		{1F7D5DE1-2A45-4040-8544-12C9369383F4}.Debug|Any CPU.ActiveCfg = Debug|Any CPU
		{1F7D5DE1-2A45-4040-8544-12C9369383F4}.Debug|Any CPU.Build.0 = Debug|Any CPU
		{1F7D5DE1-2A45-4040-8544-12C9369383F4}.Release|Any CPU.ActiveCfg = Release|Any CPU
		{1F7D5DE1-2A45-4040-8544-12C9369383F4}.Release|Any CPU.Build.0 = Release|Any CPU
		{D925C976-1820-4A4C-9995-C2816029A0CE}.Debug|Any CPU.ActiveCfg = Debug|Any CPU
		{D925C976-1820-4A4C-9995-C2816029A0CE}.Debug|Any CPU.Build.0 = Debug|Any CPU
		{D925C976-1820-4A4C-9995-C2816029A0CE}.Release|Any CPU.ActiveCfg = Release|Any CPU
		{D925C976-1820-4A4C-9995-C2816029A0CE}.Release|Any CPU.Build.0 = Release|Any CPU
		{54B1FD9A-152D-4CB4-AB40-547385F4C81E}.Debug|Any CPU.ActiveCfg = Debug|Any CPU
		{54B1FD9A-152D-4CB4-AB40-547385F4C81E}.Debug|Any CPU.Build.0 = Debug|Any CPU
		{54B1FD9A-152D-4CB4-AB40-547385F4C81E}.Release|Any CPU.ActiveCfg = Release|Any CPU
		{54B1FD9A-152D-4CB4-AB40-547385F4C81E}.Release|Any CPU.Build.0 = Release|Any CPU
		{58CAE204-D62F-472A-A312-737F4E2D7E6C}.Debug|Any CPU.ActiveCfg = Debug|Any CPU
		{58CAE204-D62F-472A-A312-737F4E2D7E6C}.Debug|Any CPU.Build.0 = Debug|Any CPU
		{58CAE204-D62F-472A-A312-737F4E2D7E6C}.Release|Any CPU.ActiveCfg = Release|Any CPU
		{58CAE204-D62F-472A-A312-737F4E2D7E6C}.Release|Any CPU.Build.0 = Release|Any CPU
		{CE08E741-FA93-44A6-9A39-B610FE1DC750}.Debug|Any CPU.ActiveCfg = Debug|Any CPU
		{CE08E741-FA93-44A6-9A39-B610FE1DC750}.Debug|Any CPU.Build.0 = Debug|Any CPU
		{CE08E741-FA93-44A6-9A39-B610FE1DC750}.Release|Any CPU.ActiveCfg = Release|Any CPU
		{CE08E741-FA93-44A6-9A39-B610FE1DC750}.Release|Any CPU.Build.0 = Release|Any CPU
	EndGlobalSection
	GlobalSection(SolutionProperties) = preSolution
		HideSolutionNode = FALSE
	EndGlobalSection
	GlobalSection(NestedProjects) = preSolution
		{F44B35EB-B0BE-4CEF-9FA1-FDFC26E0F53E} = {2FB930D0-E585-414F-984C-864646D33951}
		{950CE550-0B99-403F-A5A3-E8553940168D} = {77C3D88F-7A60-45ED-A1A1-771F38E08A85}
		{336AFAFF-BF0A-4C54-999A-470F6336AB23} = {2FB930D0-E585-414F-984C-864646D33951}
		{7603D463-4228-4FA4-8867-D993EC1F97BC} = {CA4817CD-70A2-4F48-A7C9-52746F6AC776}
		{1F7D5DE1-2A45-4040-8544-12C9369383F4} = {CA4817CD-70A2-4F48-A7C9-52746F6AC776}
		{D925C976-1820-4A4C-9995-C2816029A0CE} = {CA4817CD-70A2-4F48-A7C9-52746F6AC776}
		{54B1FD9A-152D-4CB4-AB40-547385F4C81E} = {CA4817CD-70A2-4F48-A7C9-52746F6AC776}
		{58CAE204-D62F-472A-A312-737F4E2D7E6C} = {D8A7DE5D-11E3-4995-8BCA-A01D1951F033}
		{CE08E741-FA93-44A6-9A39-B610FE1DC750} = {D8A7DE5D-11E3-4995-8BCA-A01D1951F033}
		{2FB930D0-E585-414F-984C-864646D33951} = {77C3D88F-7A60-45ED-A1A1-771F38E08A85}
		{D8A7DE5D-11E3-4995-8BCA-A01D1951F033} = {77C3D88F-7A60-45ED-A1A1-771F38E08A85}
	EndGlobalSection
	GlobalSection(ExtensibilityGlobals) = postSolution
		SolutionGuid = {7F6D9D58-BFF0-4EEB-8A17-891E56485447}
	EndGlobalSection
EndGlobal
